
Microsoft Visual Studio Solution File, Format Version 12.00
# Visual Studio Version 17
VisualStudioVersion = 17.11.35312.102
MinimumVisualStudioVersion = 10.0.40219.1
Project("{FAE04EC0-301F-11D3-BF4B-00C04F79EFBC}") = "math-klas-oefening1", "math-klas-oefening1.csproj", "{B85F688C-4309-42BD-9641-9070D6A9B283}"
EndProject
Global
	GlobalSection(SolutionConfigurationPlatforms) = preSolution
		Debug|Any CPU = Debug|Any CPU
		Release|Any CPU = Release|Any CPU
	EndGlobalSection
	GlobalSection(ProjectConfigurationPlatforms) = postSolution
		{B85F688C-4309-42BD-9641-9070D6A9B283}.Debug|Any CPU.ActiveCfg = Debug|Any CPU
		{B85F688C-4309-42BD-9641-9070D6A9B283}.Debug|Any CPU.Build.0 = Debug|Any CPU
		{B85F688C-4309-42BD-9641-9070D6A9B283}.Release|Any CPU.ActiveCfg = Release|Any CPU
		{B85F688C-4309-42BD-9641-9070D6A9B283}.Release|Any CPU.Build.0 = Release|Any CPU
	EndGlobalSection
	GlobalSection(SolutionProperties) = preSolution
		HideSolutionNode = FALSE
	EndGlobalSection
	GlobalSection(ExtensibilityGlobals) = postSolution
		SolutionGuid = {CF272BDD-F19E-414F-963E-CA8FEE9B953E}
	EndGlobalSection
EndGlobal
