
Microsoft Visual Studio Solution File, Format Version 12.00
# Visual Studio Version 17
VisualStudioVersion = 17.11.35312.102
MinimumVisualStudioVersion = 10.0.40219.1
Project("{FAE04EC0-301F-11D3-BF4B-00C04F79EFBC}") = "math-klas-oef2", "math-klas-oef2.csproj", "{ACC56A71-D0EC-414C-8BAB-C115D5981CB3}"
EndProject
Global
	GlobalSection(SolutionConfigurationPlatforms) = preSolution
		Debug|Any CPU = Debug|Any CPU
		Release|Any CPU = Release|Any CPU
	EndGlobalSection
	GlobalSection(ProjectConfigurationPlatforms) = postSolution
		{ACC56A71-D0EC-414C-8BAB-C115D5981CB3}.Debug|Any CPU.ActiveCfg = Debug|Any CPU
		{ACC56A71-D0EC-414C-8BAB-C115D5981CB3}.Debug|Any CPU.Build.0 = Debug|Any CPU
		{ACC56A71-D0EC-414C-8BAB-C115D5981CB3}.Release|Any CPU.ActiveCfg = Release|Any CPU
		{ACC56A71-D0EC-414C-8BAB-C115D5981CB3}.Release|Any CPU.Build.0 = Release|Any CPU
	EndGlobalSection
	GlobalSection(SolutionProperties) = preSolution
		HideSolutionNode = FALSE
	EndGlobalSection
	GlobalSection(ExtensibilityGlobals) = postSolution
		SolutionGuid = {B87147C6-654F-4EFE-875D-8D0FAEE15A18}
	EndGlobalSection
EndGlobal
