
Microsoft Visual Studio Solution File, Format Version 12.00
# Visual Studio Version 17
VisualStudioVersion = 17.11.35312.102
MinimumVisualStudioVersion = 10.0.40219.1
Project("{FAE04EC0-301F-11D3-BF4B-00C04F79EFBC}") = "math-klas-oef3", "math-klas-oef3.csproj", "{B489ED9F-C3AC-4588-AD6F-FC711089CFE7}"
EndProject
Global
	GlobalSection(SolutionConfigurationPlatforms) = preSolution
		Debug|Any CPU = Debug|Any CPU
		Release|Any CPU = Release|Any CPU
	EndGlobalSection
	GlobalSection(ProjectConfigurationPlatforms) = postSolution
		{B489ED9F-C3AC-4588-AD6F-FC711089CFE7}.Debug|Any CPU.ActiveCfg = Debug|Any CPU
		{B489ED9F-C3AC-4588-AD6F-FC711089CFE7}.Debug|Any CPU.Build.0 = Debug|Any CPU
		{B489ED9F-C3AC-4588-AD6F-FC711089CFE7}.Release|Any CPU.ActiveCfg = Release|Any CPU
		{B489ED9F-C3AC-4588-AD6F-FC711089CFE7}.Release|Any CPU.Build.0 = Release|Any CPU
	EndGlobalSection
	GlobalSection(SolutionProperties) = preSolution
		HideSolutionNode = FALSE
	EndGlobalSection
	GlobalSection(ExtensibilityGlobals) = postSolution
		SolutionGuid = {75B83C45-D0EF-416C-A2AB-602BBDCAF521}
	EndGlobalSection
EndGlobal
